
Microsoft Visual Studio Solution File, Format Version 12.00
# Visual Studio Version 17
VisualStudioVersion = 17.3.32929.385
MinimumVisualStudioVersion = 10.0.40219.1
Project("{9A19103F-16F7-4668-BE54-9A1E7A4F7556}") = "ApiCRUDExample", "ApiCRUDExample\ApiCRUDExample.csproj", "{3E0B7537-00D3-4560-A8BE-3B39D2FB0D5A}"
EndProject
Project("{9A19103F-16F7-4668-BE54-9A1E7A4F7556}") = "akp1", "ApiCRUDExample\ClasesGeneradas\akp1.csproj", "{A06901BD-0E2E-4425-8C9E-4A823EFFC05C}"
EndProject
Global
	GlobalSection(SolutionConfigurationPlatforms) = preSolution
		Debug|Any CPU = Debug|Any CPU
		Release|Any CPU = Release|Any CPU
	EndGlobalSection
	GlobalSection(ProjectConfigurationPlatforms) = postSolution
		{3E0B7537-00D3-4560-A8BE-3B39D2FB0D5A}.Debug|Any CPU.ActiveCfg = Debug|Any CPU
		{3E0B7537-00D3-4560-A8BE-3B39D2FB0D5A}.Debug|Any CPU.Build.0 = Debug|Any CPU
		{3E0B7537-00D3-4560-A8BE-3B39D2FB0D5A}.Release|Any CPU.ActiveCfg = Release|Any CPU
		{3E0B7537-00D3-4560-A8BE-3B39D2FB0D5A}.Release|Any CPU.Build.0 = Release|Any CPU
		{A06901BD-0E2E-4425-8C9E-4A823EFFC05C}.Debug|Any CPU.ActiveCfg = Debug|Any CPU
		{A06901BD-0E2E-4425-8C9E-4A823EFFC05C}.Debug|Any CPU.Build.0 = Debug|Any CPU
		{A06901BD-0E2E-4425-8C9E-4A823EFFC05C}.Release|Any CPU.ActiveCfg = Release|Any CPU
		{A06901BD-0E2E-4425-8C9E-4A823EFFC05C}.Release|Any CPU.Build.0 = Release|Any CPU
	EndGlobalSection
	GlobalSection(SolutionProperties) = preSolution
		HideSolutionNode = FALSE
	EndGlobalSection
	GlobalSection(ExtensibilityGlobals) = postSolution
		SolutionGuid = {FBE18C8F-8D84-49B7-B1AB-6B45A7B5DE7C}
	EndGlobalSection
EndGlobal
