
Microsoft Visual Studio Solution File, Format Version 12.00
# Visual Studio Version 17
VisualStudioVersion = 17.7.34009.444
MinimumVisualStudioVersion = 10.0.40219.1
Project("{9A19103F-16F7-4668-BE54-9A1E7A4F7556}") = "RestAPI", "RestAPI\RestAPI.csproj", "{D5914F75-0840-4FE9-8EE7-AECEF624088E}"
EndProject
Project("{9A19103F-16F7-4668-BE54-9A1E7A4F7556}") = "Proyecto.KnowledgeGraph.BusinessLogic", "Proyecto.KnowledgeGraph.BusinessLogic\Proyecto.KnowledgeGraph.BusinessLogic.csproj", "{715991DC-A6B1-4CD5-8EF9-EB39DC399E1C}"
EndProject
Project("{9A19103F-16F7-4668-BE54-9A1E7A4F7556}") = "Proyecto.KnowledgeGraph.DataAccess", "Proyecto.KnowledgeGraph.DataAccess\Proyecto.KnowledgeGraph.DataAccess.csproj", "{DB625FB5-E8C6-4965-9547-F1944380A37E}"
EndProject
Project("{9A19103F-16F7-4668-BE54-9A1E7A4F7556}") = "Proyecto.KnowledgeGraph.Model", "Proyecto.KnowledgeGraph.Model\Proyecto.KnowledgeGraph.Model.csproj", "{D8CD9230-716D-4400-AA96-986C291EF9C1}"
EndProject
Project("{9A19103F-16F7-4668-BE54-9A1E7A4F7556}") = "apicrud-example", "..\ClasesGeneradas\apicrud-example.csproj", "{55040770-3FF9-40CC-A247-ADBEB614CBAC}"
EndProject
Global
	GlobalSection(SolutionConfigurationPlatforms) = preSolution
		Debug|Any CPU = Debug|Any CPU
		Release|Any CPU = Release|Any CPU
	EndGlobalSection
	GlobalSection(ProjectConfigurationPlatforms) = postSolution
		{D5914F75-0840-4FE9-8EE7-AECEF624088E}.Debug|Any CPU.ActiveCfg = Debug|Any CPU
		{D5914F75-0840-4FE9-8EE7-AECEF624088E}.Debug|Any CPU.Build.0 = Debug|Any CPU
		{D5914F75-0840-4FE9-8EE7-AECEF624088E}.Release|Any CPU.ActiveCfg = Release|Any CPU
		{D5914F75-0840-4FE9-8EE7-AECEF624088E}.Release|Any CPU.Build.0 = Release|Any CPU
		{715991DC-A6B1-4CD5-8EF9-EB39DC399E1C}.Debug|Any CPU.ActiveCfg = Debug|Any CPU
		{715991DC-A6B1-4CD5-8EF9-EB39DC399E1C}.Debug|Any CPU.Build.0 = Debug|Any CPU
		{715991DC-A6B1-4CD5-8EF9-EB39DC399E1C}.Release|Any CPU.ActiveCfg = Release|Any CPU
		{715991DC-A6B1-4CD5-8EF9-EB39DC399E1C}.Release|Any CPU.Build.0 = Release|Any CPU
		{DB625FB5-E8C6-4965-9547-F1944380A37E}.Debug|Any CPU.ActiveCfg = Debug|Any CPU
		{DB625FB5-E8C6-4965-9547-F1944380A37E}.Debug|Any CPU.Build.0 = Debug|Any CPU
		{DB625FB5-E8C6-4965-9547-F1944380A37E}.Release|Any CPU.ActiveCfg = Release|Any CPU
		{DB625FB5-E8C6-4965-9547-F1944380A37E}.Release|Any CPU.Build.0 = Release|Any CPU
		{D8CD9230-716D-4400-AA96-986C291EF9C1}.Debug|Any CPU.ActiveCfg = Debug|Any CPU
		{D8CD9230-716D-4400-AA96-986C291EF9C1}.Debug|Any CPU.Build.0 = Debug|Any CPU
		{D8CD9230-716D-4400-AA96-986C291EF9C1}.Release|Any CPU.ActiveCfg = Release|Any CPU
		{D8CD9230-716D-4400-AA96-986C291EF9C1}.Release|Any CPU.Build.0 = Release|Any CPU
		{55040770-3FF9-40CC-A247-ADBEB614CBAC}.Debug|Any CPU.ActiveCfg = Debug|Any CPU
		{55040770-3FF9-40CC-A247-ADBEB614CBAC}.Debug|Any CPU.Build.0 = Debug|Any CPU
		{55040770-3FF9-40CC-A247-ADBEB614CBAC}.Release|Any CPU.ActiveCfg = Release|Any CPU
		{55040770-3FF9-40CC-A247-ADBEB614CBAC}.Release|Any CPU.Build.0 = Release|Any CPU
	EndGlobalSection
	GlobalSection(SolutionProperties) = preSolution
		HideSolutionNode = FALSE
	EndGlobalSection
	GlobalSection(ExtensibilityGlobals) = postSolution
		SolutionGuid = {D1E4466E-1900-4B80-B793-190D6F9FE8A9}
	EndGlobalSection
EndGlobal
